
Microsoft Visual Studio Solution File, Format Version 12.00
# Visual Studio 15
VisualStudioVersion = 15.0.27130.2027
MinimumVisualStudioVersion = 10.0.40219.1
Project("{9A19103F-16F7-4668-BE54-9A1E7A4F7556}") = "Batch.API", "Batch.API\Batch.API.csproj", "{B6AE7A27-1036-4064-A391-C7C4D10D7632}"
EndProject
Project("{9A19103F-16F7-4668-BE54-9A1E7A4F7556}") = "Batch.Processor", "Batch.Processor\Batch.Processor.csproj", "{F1EC026E-AE57-4732-B05E-3935F5985367}"
EndProject
Project("{9A19103F-16F7-4668-BE54-9A1E7A4F7556}") = "Batch.Processor.Tests", "Batch.Processor.Tests\Batch.Processor.Tests.csproj", "{6A4E265E-E817-43DE-BE76-BEDFD8939179}"
EndProject
Project("{FAE04EC0-301F-11D3-BF4B-00C04F79EFBC}") = "Batch.Client", "Batch.Client\Batch.Client.csproj", "{7918E805-2BEB-4BDA-8535-9B12C558309A}"
EndProject
Project("{FAE04EC0-301F-11D3-BF4B-00C04F79EFBC}") = "Batch.EchoAPI", "Batch.EchoAPI\Batch.EchoAPI.csproj", "{7EAEBC13-78B4-4D9A-91B1-A3E5A825165F}"
EndProject
Global
	GlobalSection(SolutionConfigurationPlatforms) = preSolution
		Debug|Any CPU = Debug|Any CPU
		Release|Any CPU = Release|Any CPU
	EndGlobalSection
	GlobalSection(ProjectConfigurationPlatforms) = postSolution
		{B6AE7A27-1036-4064-A391-C7C4D10D7632}.Debug|Any CPU.ActiveCfg = Debug|Any CPU
		{B6AE7A27-1036-4064-A391-C7C4D10D7632}.Debug|Any CPU.Build.0 = Debug|Any CPU
		{B6AE7A27-1036-4064-A391-C7C4D10D7632}.Release|Any CPU.ActiveCfg = Release|Any CPU
		{B6AE7A27-1036-4064-A391-C7C4D10D7632}.Release|Any CPU.Build.0 = Release|Any CPU
		{F1EC026E-AE57-4732-B05E-3935F5985367}.Debug|Any CPU.ActiveCfg = Debug|Any CPU
		{F1EC026E-AE57-4732-B05E-3935F5985367}.Debug|Any CPU.Build.0 = Debug|Any CPU
		{F1EC026E-AE57-4732-B05E-3935F5985367}.Release|Any CPU.ActiveCfg = Release|Any CPU
		{F1EC026E-AE57-4732-B05E-3935F5985367}.Release|Any CPU.Build.0 = Release|Any CPU
		{6A4E265E-E817-43DE-BE76-BEDFD8939179}.Debug|Any CPU.ActiveCfg = Debug|Any CPU
		{6A4E265E-E817-43DE-BE76-BEDFD8939179}.Debug|Any CPU.Build.0 = Debug|Any CPU
		{6A4E265E-E817-43DE-BE76-BEDFD8939179}.Release|Any CPU.ActiveCfg = Release|Any CPU
		{6A4E265E-E817-43DE-BE76-BEDFD8939179}.Release|Any CPU.Build.0 = Release|Any CPU
		{7918E805-2BEB-4BDA-8535-9B12C558309A}.Debug|Any CPU.ActiveCfg = Debug|Any CPU
		{7918E805-2BEB-4BDA-8535-9B12C558309A}.Debug|Any CPU.Build.0 = Debug|Any CPU
		{7918E805-2BEB-4BDA-8535-9B12C558309A}.Release|Any CPU.ActiveCfg = Release|Any CPU
		{7918E805-2BEB-4BDA-8535-9B12C558309A}.Release|Any CPU.Build.0 = Release|Any CPU
		{7EAEBC13-78B4-4D9A-91B1-A3E5A825165F}.Debug|Any CPU.ActiveCfg = Debug|Any CPU
		{7EAEBC13-78B4-4D9A-91B1-A3E5A825165F}.Debug|Any CPU.Build.0 = Debug|Any CPU
		{7EAEBC13-78B4-4D9A-91B1-A3E5A825165F}.Release|Any CPU.ActiveCfg = Release|Any CPU
		{7EAEBC13-78B4-4D9A-91B1-A3E5A825165F}.Release|Any CPU.Build.0 = Release|Any CPU
	EndGlobalSection
	GlobalSection(SolutionProperties) = preSolution
		HideSolutionNode = FALSE
	EndGlobalSection
	GlobalSection(ExtensibilityGlobals) = postSolution
		SolutionGuid = {7555B957-AB0C-4ECB-9B32-2E68DCB20917}
	EndGlobalSection
EndGlobal
